
Microsoft Visual Studio Solution File, Format Version 12.00
# Visual Studio Version 17
VisualStudioVersion = 17.3.32929.385
MinimumVisualStudioVersion = 10.0.40219.1
Project("{FAE04EC0-301F-11D3-BF4B-00C04F79EFBC}") = "WordProcessor3", "WordProcessor3.csproj", "{D8665CE8-B775-4EC2-AEA7-766996B58A6F}"
EndProject
Global
	GlobalSection(SolutionConfigurationPlatforms) = preSolution
		Debug|Any CPU = Debug|Any CPU
		Release|Any CPU = Release|Any CPU
	EndGlobalSection
	GlobalSection(ProjectConfigurationPlatforms) = postSolution
		{D8665CE8-B775-4EC2-AEA7-766996B58A6F}.Debug|Any CPU.ActiveCfg = Debug|Any CPU
		{D8665CE8-B775-4EC2-AEA7-766996B58A6F}.Debug|Any CPU.Build.0 = Debug|Any CPU
		{D8665CE8-B775-4EC2-AEA7-766996B58A6F}.Release|Any CPU.ActiveCfg = Release|Any CPU
		{D8665CE8-B775-4EC2-AEA7-766996B58A6F}.Release|Any CPU.Build.0 = Release|Any CPU
	EndGlobalSection
	GlobalSection(SolutionProperties) = preSolution
		HideSolutionNode = FALSE
	EndGlobalSection
	GlobalSection(ExtensibilityGlobals) = postSolution
		SolutionGuid = {D0BFD28F-D682-4EC6-813F-644DEB3DE0E7}
	EndGlobalSection
EndGlobal
